
Microsoft Visual Studio Solution File, Format Version 12.00
# Visual Studio 14
VisualStudioVersion = 14.0.25420.1
MinimumVisualStudioVersion = 10.0.40219.1
Project("{FAE04EC0-301F-11D3-BF4B-00C04F79EFBC}") = "SCDB Server", "SCDB Server\SCDB Server.csproj", "{76455E5B-5F13-4239-9FBA-5221EA3CBCFD}"
EndProject
Project("{FAE04EC0-301F-11D3-BF4B-00C04F79EFBC}") = "SCBD Desktop", "SCBD Client\SCBD Desktop.csproj", "{93A54DD7-8729-4662-B150-251F3FFD3531}"
EndProject
Project("{FAE04EC0-301F-11D3-BF4B-00C04F79EFBC}") = "Database", "Database\Database.csproj", "{903CFE81-5B43-4F7D-8820-073A27F24981}"
EndProject
Project("{FAE04EC0-301F-11D3-BF4B-00C04F79EFBC}") = "Exceptions", "Exceptions\Exceptions.csproj", "{4F87BFEE-A9B5-4F84-A8ED-0F83BF9D5B82}"
EndProject
Project("{FAE04EC0-301F-11D3-BF4B-00C04F79EFBC}") = "Interfaces", "Interfaces\Interfaces.csproj", "{ED365C91-3348-4251-9E3A-A92BA5D4A98E}"
EndProject
Project("{FAE04EC0-301F-11D3-BF4B-00C04F79EFBC}") = "SCDB API", "SCDB API\SCDB API.csproj", "{226408BD-99F1-44B7-B4E9-AAC2A1280C56}"
EndProject
Project("{FAE04EC0-301F-11D3-BF4B-00C04F79EFBC}") = "Linguistics", "Linguistics\Linguistics.csproj", "{B211AFC1-0728-4F73-8054-23715F223B27}"
EndProject
Project("{FAE04EC0-301F-11D3-BF4B-00C04F79EFBC}") = "Cache", "Cache\Cache.csproj", "{39B5E0C2-A66D-4629-AFBD-3A1907ACF8E4}"
EndProject
Global
	GlobalSection(SolutionConfigurationPlatforms) = preSolution
		Debug|Any CPU = Debug|Any CPU
		Release|Any CPU = Release|Any CPU
	EndGlobalSection
	GlobalSection(ProjectConfigurationPlatforms) = postSolution
		{76455E5B-5F13-4239-9FBA-5221EA3CBCFD}.Debug|Any CPU.ActiveCfg = Debug|Any CPU
		{76455E5B-5F13-4239-9FBA-5221EA3CBCFD}.Debug|Any CPU.Build.0 = Debug|Any CPU
		{76455E5B-5F13-4239-9FBA-5221EA3CBCFD}.Release|Any CPU.ActiveCfg = Release|Any CPU
		{76455E5B-5F13-4239-9FBA-5221EA3CBCFD}.Release|Any CPU.Build.0 = Release|Any CPU
		{93A54DD7-8729-4662-B150-251F3FFD3531}.Debug|Any CPU.ActiveCfg = Debug|Any CPU
		{93A54DD7-8729-4662-B150-251F3FFD3531}.Debug|Any CPU.Build.0 = Debug|Any CPU
		{93A54DD7-8729-4662-B150-251F3FFD3531}.Release|Any CPU.ActiveCfg = Release|Any CPU
		{93A54DD7-8729-4662-B150-251F3FFD3531}.Release|Any CPU.Build.0 = Release|Any CPU
		{903CFE81-5B43-4F7D-8820-073A27F24981}.Debug|Any CPU.ActiveCfg = Debug|Any CPU
		{903CFE81-5B43-4F7D-8820-073A27F24981}.Debug|Any CPU.Build.0 = Debug|Any CPU
		{903CFE81-5B43-4F7D-8820-073A27F24981}.Release|Any CPU.ActiveCfg = Release|Any CPU
		{903CFE81-5B43-4F7D-8820-073A27F24981}.Release|Any CPU.Build.0 = Release|Any CPU
		{4F87BFEE-A9B5-4F84-A8ED-0F83BF9D5B82}.Debug|Any CPU.ActiveCfg = Debug|Any CPU
		{4F87BFEE-A9B5-4F84-A8ED-0F83BF9D5B82}.Debug|Any CPU.Build.0 = Debug|Any CPU
		{4F87BFEE-A9B5-4F84-A8ED-0F83BF9D5B82}.Release|Any CPU.ActiveCfg = Release|Any CPU
		{4F87BFEE-A9B5-4F84-A8ED-0F83BF9D5B82}.Release|Any CPU.Build.0 = Release|Any CPU
		{ED365C91-3348-4251-9E3A-A92BA5D4A98E}.Debug|Any CPU.ActiveCfg = Debug|Any CPU
		{ED365C91-3348-4251-9E3A-A92BA5D4A98E}.Debug|Any CPU.Build.0 = Debug|Any CPU
		{ED365C91-3348-4251-9E3A-A92BA5D4A98E}.Release|Any CPU.ActiveCfg = Release|Any CPU
		{ED365C91-3348-4251-9E3A-A92BA5D4A98E}.Release|Any CPU.Build.0 = Release|Any CPU
		{226408BD-99F1-44B7-B4E9-AAC2A1280C56}.Debug|Any CPU.ActiveCfg = Debug|Any CPU
		{226408BD-99F1-44B7-B4E9-AAC2A1280C56}.Debug|Any CPU.Build.0 = Debug|Any CPU
		{226408BD-99F1-44B7-B4E9-AAC2A1280C56}.Release|Any CPU.ActiveCfg = Release|Any CPU
		{226408BD-99F1-44B7-B4E9-AAC2A1280C56}.Release|Any CPU.Build.0 = Release|Any CPU
		{B211AFC1-0728-4F73-8054-23715F223B27}.Debug|Any CPU.ActiveCfg = Debug|Any CPU
		{B211AFC1-0728-4F73-8054-23715F223B27}.Debug|Any CPU.Build.0 = Debug|Any CPU
		{B211AFC1-0728-4F73-8054-23715F223B27}.Release|Any CPU.ActiveCfg = Release|Any CPU
		{B211AFC1-0728-4F73-8054-23715F223B27}.Release|Any CPU.Build.0 = Release|Any CPU
		{39B5E0C2-A66D-4629-AFBD-3A1907ACF8E4}.Debug|Any CPU.ActiveCfg = Debug|Any CPU
		{39B5E0C2-A66D-4629-AFBD-3A1907ACF8E4}.Debug|Any CPU.Build.0 = Debug|Any CPU
		{39B5E0C2-A66D-4629-AFBD-3A1907ACF8E4}.Release|Any CPU.ActiveCfg = Release|Any CPU
		{39B5E0C2-A66D-4629-AFBD-3A1907ACF8E4}.Release|Any CPU.Build.0 = Release|Any CPU
	EndGlobalSection
	GlobalSection(SolutionProperties) = preSolution
		HideSolutionNode = FALSE
	EndGlobalSection
EndGlobal
