
Microsoft Visual Studio Solution File, Format Version 12.00
# Visual Studio 14
VisualStudioVersion = 14.0.25420.1
MinimumVisualStudioVersion = 10.0.40219.1
Project("{FAE04EC0-301F-11D3-BF4B-00C04F79EFBC}") = "SCDB Server", "SCDB Server\SCDB Server.csproj", "{76455E5B-5F13-4239-9FBA-5221EA3CBCFD}"
EndProject
Project("{FAE04EC0-301F-11D3-BF4B-00C04F79EFBC}") = "SCDB API", "SCDB API\SCDB API.csproj", "{1080CF3D-DEB3-449E-B5F3-83D4ADD59F76}"
EndProject
Global
	GlobalSection(SolutionConfigurationPlatforms) = preSolution
		Debug|Any CPU = Debug|Any CPU
		Release|Any CPU = Release|Any CPU
	EndGlobalSection
	GlobalSection(ProjectConfigurationPlatforms) = postSolution
		{76455E5B-5F13-4239-9FBA-5221EA3CBCFD}.Debug|Any CPU.ActiveCfg = Debug|Any CPU
		{76455E5B-5F13-4239-9FBA-5221EA3CBCFD}.Debug|Any CPU.Build.0 = Debug|Any CPU
		{76455E5B-5F13-4239-9FBA-5221EA3CBCFD}.Release|Any CPU.ActiveCfg = Release|Any CPU
		{76455E5B-5F13-4239-9FBA-5221EA3CBCFD}.Release|Any CPU.Build.0 = Release|Any CPU
		{1080CF3D-DEB3-449E-B5F3-83D4ADD59F76}.Debug|Any CPU.ActiveCfg = Debug|Any CPU
		{1080CF3D-DEB3-449E-B5F3-83D4ADD59F76}.Debug|Any CPU.Build.0 = Debug|Any CPU
		{1080CF3D-DEB3-449E-B5F3-83D4ADD59F76}.Release|Any CPU.ActiveCfg = Release|Any CPU
		{1080CF3D-DEB3-449E-B5F3-83D4ADD59F76}.Release|Any CPU.Build.0 = Release|Any CPU
	EndGlobalSection
	GlobalSection(SolutionProperties) = preSolution
		HideSolutionNode = FALSE
	EndGlobalSection
EndGlobal
